// !$*UTF8*$!
{
	archiveVersion = 1;
	classes = {
	};
	objectVersion = 77;
	objects = {

/* Begin PBXBuildFile section */
		20B52E972FD9248F0052940F /* FirebaseAuth in Frameworks */ = {isa = PBXBuildFile; productRef = 20B52E962FD9248F0052940F /* FirebaseAuth */; };
		20B52E992FD9248F0052940F /* FirebaseDatabase in Frameworks */ = {isa = PBXBuildFile; productRef = 20B52E982FD9248F0052940F /* FirebaseDatabase */; };
		20B52E9B2FD9248F0052940F /* FirebaseFirestore in Frameworks */ = {isa = PBXBuildFile; productRef = 20B52E9A2FD9248F0052940F /* FirebaseFirestore */; };
		20B52E9D2FD9248F0052940F /* FirebaseMessaging in Frameworks */ = {isa = PBXBuildFile; productRef = 20B52E9C2FD9248F0052940F /* FirebaseMessaging */; };
		20B52E9F2FD9248F0052940F /* FirebaseStorage in Frameworks */ = {isa = PBXBuildFile; productRef = 20B52E9E2FD9248F0052940F /* FirebaseStorage */; };
		20B52EA22FD924BD0052940F /* ActiveLabel in Frameworks */ = {isa = PBXBuildFile; productRef = 20B52EA12FD924BD0052940F /* ActiveLabel */; };
		20B52EA52FD924D80052940F /* SDWebImage in Frameworks */ = {isa = PBXBuildFile; productRef = 20B52EA42FD924D80052940F /* SDWebImage */; };
		20B52EA72FD924D80052940F /* SDWebImageMapKit in Frameworks */ = {isa = PBXBuildFile; productRef = 20B52EA62FD924D80052940F /* SDWebImageMapKit */; };
		20B52EAA2FD925250052940F /* JGProgressHUD in Frameworks */ = {isa = PBXBuildFile; productRef = 20B52EA92FD925250052940F /* JGProgressHUD */; };
		20B52EAD2FD9255D0052940F /* YPImagePicker in Frameworks */ = {isa = PBXBuildFile; productRef = 20B52EAC2FD9255D0052940F /* YPImagePicker */; };
/* End PBXBuildFile section */

/* Begin PBXFileReference section */
		2048D9FE2F39A26D004D948C /* InstagramFirestoreTutorial.app */ = {isa = PBXFileReference; explicitFileType = wrapper.application; includeInIndex = 0; path = InstagramFirestoreTutorial.app; sourceTree = BUILT_PRODUCTS_DIR; };
/* End PBXFileReference section */

/* Begin PBXFileSystemSynchronizedBuildFileExceptionSet section */
		2048DA102F39A26E004D948C /* Exceptions for "InstagramFirestoreTutorial" folder in "InstagramFirestoreTutorial" target */ = {
			isa = PBXFileSystemSynchronizedBuildFileExceptionSet;
			membershipExceptions = (
				Info.plist,
			);
			target = 2048D9FD2F39A26D004D948C /* InstagramFirestoreTutorial */;
		};
/* End PBXFileSystemSynchronizedBuildFileExceptionSet section */

/* Begin PBXFileSystemSynchronizedRootGroup section */
		2048DA002F39A26D004D948C /* InstagramFirestoreTutorial */ = {
			isa = PBXFileSystemSynchronizedRootGroup;
			exceptions = (
				2048DA102F39A26E004D948C /* Exceptions for "InstagramFirestoreTutorial" folder in "InstagramFirestoreTutorial" target */,
			);
			path = InstagramFirestoreTutorial;
			sourceTree = "<group>";
		};
/* End PBXFileSystemSynchronizedRootGroup section */

/* Begin PBXFrameworksBuildPhase section */
		2048D9FB2F39A26D004D948C /* Frameworks */ = {
			isa = PBXFrameworksBuildPhase;
			buildActionMask = 2147483647;
			files = (
				20B52E9D2FD9248F0052940F /* FirebaseMessaging in Frameworks */,
				20B52EAD2FD9255D0052940F /* YPImagePicker in Frameworks */,
				20B52EA22FD924BD0052940F /* ActiveLabel in Frameworks */,
				20B52E992FD9248F0052940F /* FirebaseDatabase in Frameworks */,
				20B52EA52FD924D80052940F /* SDWebImage in Frameworks */,
				20B52E972FD9248F0052940F /* FirebaseAuth in Frameworks */,
				20B52E9F2FD9248F0052940F /* FirebaseStorage in Frameworks */,
				20B52EA72FD924D80052940F /* SDWebImageMapKit in Frameworks */,
				20B52EAA2FD925250052940F /* JGProgressHUD in Frameworks */,
				20B52E9B2FD9248F0052940F /* FirebaseFirestore in Frameworks */,
			);
			runOnlyForDeploymentPostprocessing = 0;
		};
/* End PBXFrameworksBuildPhase section */

/* Begin PBXGroup section */
		2048D9F52F39A26D004D948C = {
			isa = PBXGroup;
			children = (
				2048D9FF2F39A26D004D948C /* Products */,
				2048DA002F39A26D004D948C /* InstagramFirestoreTutorial */,
			);
			sourceTree = "<group>";
		};
		2048D9FF2F39A26D004D948C /* Products */ = {
			isa = PBXGroup;
			children = (
				2048D9FE2F39A26D004D948C /* InstagramFirestoreTutorial.app */,
			);
			name = Products;
			sourceTree = "<group>";
		};
/* End PBXGroup section */

/* Begin PBXNativeTarget section */
		2048D9FD2F39A26D004D948C /* InstagramFirestoreTutorial */ = {
			isa = PBXNativeTarget;
			buildConfigurationList = 2048DA112F39A26E004D948C /* Build configuration list for PBXNativeTarget "InstagramFirestoreTutorial" */;
			buildPhases = (
				2048D9FA2F39A26D004D948C /* Sources */,
				2048D9FB2F39A26D004D948C /* Frameworks */,
				2048D9FC2F39A26D004D948C /* Resources */,
				20A4D89F2F8B1D3A005D31B1 /* ShellScript */,
			);
			buildRules = (
			);
			dependencies = (
			);
			fileSystemSynchronizedGroups = (
				2048DA002F39A26D004D948C /* InstagramFirestoreTutorial */,
			);
			name = InstagramFirestoreTutorial;
			productName = InstagramFirestoneTutorial;
			productReference = 2048D9FE2F39A26D004D948C /* InstagramFirestoreTutorial.app */;
			productType = "com.apple.product-type.application";
		};
/* End PBXNativeTarget section */

/* Begin PBXProject section */
		2048D9F62F39A26D004D948C /* Project object */ = {
			isa = PBXProject;
			attributes = {
				BuildIndependentTargetsInParallel = 1;
				LastSwiftUpdateCheck = 2620;
				LastUpgradeCheck = 2660;
				TargetAttributes = {
					2048D9FD2F39A26D004D948C = {
						CreatedOnToolsVersion = 26.2;
					};
				};
			};
			buildConfigurationList = 2048D9F92F39A26D004D948C /* Build configuration list for PBXProject "InstagramFirestoreTutorial" */;
			developmentRegion = en;
			hasScannedForEncodings = 0;
			knownRegions = (
				en,
				Base,
			);
			mainGroup = 2048D9F52F39A26D004D948C;
			minimizedProjectReferenceProxies = 1;
			packageReferences = (
				20B52E952FD9248F0052940F /* XCRemoteSwiftPackageReference "firebase-ios-sdk" */,
				20B52EA02FD924BD0052940F /* XCRemoteSwiftPackageReference "ActiveLabel" */,
				20B52EA32FD924D80052940F /* XCRemoteSwiftPackageReference "SDWebImage" */,
				20B52EA82FD925250052940F /* XCRemoteSwiftPackageReference "JGProgressHUD" */,
				20B52EAB2FD9255D0052940F /* XCRemoteSwiftPackageReference "YPImagePicker" */,
			);
			preferredProjectObjectVersion = 77;
			productRefGroup = 2048D9FF2F39A26D004D948C /* Products */;
			projectDirPath = "";
			projectRoot = "";
			targets = (
				2048D9FD2F39A26D004D948C /* InstagramFirestoreTutorial */,
			);
		};
/* End PBXProject section */

/* Begin PBXResourcesBuildPhase section */
		2048D9FC2F39A26D004D948C /* Resources */ = {
			isa = PBXResourcesBuildPhase;
			buildActionMask = 2147483647;
			files = (
			);
			runOnlyForDeploymentPostprocessing = 0;
		};
/* End PBXResourcesBuildPhase section */

/* Begin PBXShellScriptBuildPhase section */
		20A4D89F2F8B1D3A005D31B1 /* ShellScript */ = {
			isa = PBXShellScriptBuildPhase;
			buildActionMask = 2147483647;
			files = (
			);
			inputFileListPaths = (
			);
			inputPaths = (
			);
			outputFileListPaths = (
			);
			outputPaths = (
			);
			runOnlyForDeploymentPostprocessing = 0;
			shellPath = /bin/sh;
			shellScript = "# Prefer git root if available (more reliable than Xcode SRCROOT)\nPROJECT_ROOT=$(git rev-parse --show-toplevel 2>/dev/null)\n\nif [ -z \"$PROJECT_ROOT\" ]; then\n  PROJECT_ROOT=\"$SRCROOT\"\nfi\n\necho \"📁 Project root: $PROJECT_ROOT\"\n\n\"$SWIFTFORMAT\" \"$PROJECT_ROOT\" \\\n  --indent 4 \\\n  --allman false \\\n  --self insert \\\n  --wrapparameters after-first \\\n  --wraparguments after-first \\\n  --disable redundantSelf \\\n  --exclude \"**/.build/**\" \\\n  --exclude \"**/DerivedData/**\" \\\n  --exclude \"**/*.xcodeproj/**\"\n\necho \"✅ SwiftFormat completed\"\n";
		};
/* End PBXShellScriptBuildPhase section */

/* Begin PBXSourcesBuildPhase section */
		2048D9FA2F39A26D004D948C /* Sources */ = {
			isa = PBXSourcesBuildPhase;
			buildActionMask = 2147483647;
			files = (
			);
			runOnlyForDeploymentPostprocessing = 0;
		};
/* End PBXSourcesBuildPhase section */

/* Begin XCBuildConfiguration section */
		2048DA122F39A26E004D948C /* Debug */ = {
			isa = XCBuildConfiguration;
			buildSettings = {
				ASSETCATALOG_COMPILER_APPICON_NAME = AppIcon;
				ASSETCATALOG_COMPILER_GLOBAL_ACCENT_COLOR_NAME = AccentColor;
				CODE_SIGN_STYLE = Automatic;
				CURRENT_PROJECT_VERSION = 1;
				GENERATE_INFOPLIST_FILE = YES;
				INFOPLIST_FILE = InstagramFirestoreTutorial/Info.plist;
				INFOPLIST_KEY_UIApplicationSupportsIndirectInputEvents = YES;
				INFOPLIST_KEY_UILaunchStoryboardName = LaunchScreen;
				INFOPLIST_KEY_UIMainStoryboardFile = Main;
				INFOPLIST_KEY_UISupportedInterfaceOrientations_iPad = "UIInterfaceOrientationPortrait UIInterfaceOrientationPortraitUpsideDown UIInterfaceOrientationLandscapeLeft UIInterfaceOrientationLandscapeRight";
				INFOPLIST_KEY_UISupportedInterfaceOrientations_iPhone = "UIInterfaceOrientationPortrait UIInterfaceOrientationLandscapeLeft UIInterfaceOrientationLandscapeRight";
				LD_RUNPATH_SEARCH_PATHS = (
					"$(inherited)",
					"@executable_path/Frameworks",
				);
				MARKETING_VERSION = 1.0;
				PRODUCT_BUNDLE_IDENTIFIER = "Nate-Faxon.InstagramFirestoreTutorial";
				PRODUCT_NAME = "$(TARGET_NAME)";
				STRING_CATALOG_GENERATE_SYMBOLS = YES;
				SWIFT_APPROACHABLE_CONCURRENCY = YES;
				SWIFT_DEFAULT_ACTOR_ISOLATION = MainActor;
				SWIFT_EMIT_LOC_STRINGS = YES;
				SWIFT_UPCOMING_FEATURE_MEMBER_IMPORT_VISIBILITY = YES;
				SWIFT_VERSION = 5.0;
				TARGETED_DEVICE_FAMILY = "1,2";
			};
			name = Debug;
		};
		2048DA132F39A26E004D948C /* Release */ = {
			isa = XCBuildConfiguration;
			buildSettings = {
				ASSETCATALOG_COMPILER_APPICON_NAME = AppIcon;
				ASSETCATALOG_COMPILER_GLOBAL_ACCENT_COLOR_NAME = AccentColor;
				CODE_SIGN_STYLE = Automatic;
				CURRENT_PROJECT_VERSION = 1;
				GENERATE_INFOPLIST_FILE = YES;
				INFOPLIST_FILE = InstagramFirestoreTutorial/Info.plist;
				INFOPLIST_KEY_UIApplicationSupportsIndirectInputEvents = YES;
				INFOPLIST_KEY_UILaunchStoryboardName = LaunchScreen;
				INFOPLIST_KEY_UIMainStoryboardFile = Main;
				INFOPLIST_KEY_UISupportedInterfaceOrientations_iPad = "UIInterfaceOrientationPortrait UIInterfaceOrientationPortraitUpsideDown UIInterfaceOrientationLandscapeLeft UIInterfaceOrientationLandscapeRight";
				INFOPLIST_KEY_UISupportedInterfaceOrientations_iPhone = "UIInterfaceOrientationPortrait UIInterfaceOrientationLandscapeLeft UIInterfaceOrientationLandscapeRight";
				LD_RUNPATH_SEARCH_PATHS = (
					"$(inherited)",
					"@executable_path/Frameworks",
				);
				MARKETING_VERSION = 1.0;
				PRODUCT_BUNDLE_IDENTIFIER = "Nate-Faxon.InstagramFirestoreTutorial";
				PRODUCT_NAME = "$(TARGET_NAME)";
				STRING_CATALOG_GENERATE_SYMBOLS = YES;
				SWIFT_APPROACHABLE_CONCURRENCY = YES;
				SWIFT_DEFAULT_ACTOR_ISOLATION = MainActor;
				SWIFT_EMIT_LOC_STRINGS = YES;
				SWIFT_UPCOMING_FEATURE_MEMBER_IMPORT_VISIBILITY = YES;
				SWIFT_VERSION = 5.0;
				TARGETED_DEVICE_FAMILY = "1,2";
			};
			name = Release;
		};
		2048DA142F39A26E004D948C /* Debug */ = {
			isa = XCBuildConfiguration;
			buildSettings = {
				ALWAYS_SEARCH_USER_PATHS = NO;
				ASSETCATALOG_COMPILER_GENERATE_SWIFT_ASSET_SYMBOL_EXTENSIONS = YES;
				CLANG_ANALYZER_NONNULL = YES;
				CLANG_ANALYZER_NUMBER_OBJECT_CONVERSION = YES_AGGRESSIVE;
				CLANG_CXX_LANGUAGE_STANDARD = "gnu++20";
				CLANG_ENABLE_MODULES = YES;
				CLANG_ENABLE_OBJC_ARC = YES;
				CLANG_ENABLE_OBJC_WEAK = YES;
				CLANG_WARN_BLOCK_CAPTURE_AUTORELEASING = YES;
				CLANG_WARN_BOOL_CONVERSION = YES;
				CLANG_WARN_COMMA = YES;
				CLANG_WARN_CONSTANT_CONVERSION = YES;
				CLANG_WARN_DEPRECATED_OBJC_IMPLEMENTATIONS = YES;
				CLANG_WARN_DIRECT_OBJC_ISA_USAGE = YES_ERROR;
				CLANG_WARN_DOCUMENTATION_COMMENTS = YES;
				CLANG_WARN_EMPTY_BODY = YES;
				CLANG_WARN_ENUM_CONVERSION = YES;
				CLANG_WARN_INFINITE_RECURSION = YES;
				CLANG_WARN_INT_CONVERSION = YES;
				CLANG_WARN_NON_LITERAL_NULL_CONVERSION = YES;
				CLANG_WARN_OBJC_IMPLICIT_RETAIN_SELF = YES;
				CLANG_WARN_OBJC_LITERAL_CONVERSION = YES;
				CLANG_WARN_OBJC_ROOT_CLASS = YES_ERROR;
				CLANG_WARN_QUOTED_INCLUDE_IN_FRAMEWORK_HEADER = YES;
				CLANG_WARN_RANGE_LOOP_ANALYSIS = YES;
				CLANG_WARN_STRICT_PROTOTYPES = YES;
				CLANG_WARN_SUSPICIOUS_MOVE = YES;
				CLANG_WARN_UNGUARDED_AVAILABILITY = YES_AGGRESSIVE;
				CLANG_WARN_UNREACHABLE_CODE = YES;
				CLANG_WARN__DUPLICATE_METHOD_MATCH = YES;
				COPY_PHASE_STRIP = NO;
				DEBUG_INFORMATION_FORMAT = dwarf;
				DEVELOPMENT_TEAM = JNZ5UXYG84;
				ENABLE_STRICT_OBJC_MSGSEND = YES;
				ENABLE_TESTABILITY = YES;
				ENABLE_USER_SCRIPT_SANDBOXING = YES;
				GCC_C_LANGUAGE_STANDARD = gnu17;
				GCC_DYNAMIC_NO_PIC = NO;
				GCC_NO_COMMON_BLOCKS = YES;
				GCC_OPTIMIZATION_LEVEL = 0;
				GCC_PREPROCESSOR_DEFINITIONS = (
					"DEBUG=1",
					"$(inherited)",
				);
				GCC_WARN_64_TO_32_BIT_CONVERSION = YES;
				GCC_WARN_ABOUT_RETURN_TYPE = YES_ERROR;
				GCC_WARN_UNDECLARED_SELECTOR = YES;
				GCC_WARN_UNINITIALIZED_AUTOS = YES_AGGRESSIVE;
				GCC_WARN_UNUSED_FUNCTION = YES;
				GCC_WARN_UNUSED_VARIABLE = YES;
				IPHONEOS_DEPLOYMENT_TARGET = 26.2;
				LOCALIZATION_PREFERS_STRING_CATALOGS = YES;
				MTL_ENABLE_DEBUG_INFO = INCLUDE_SOURCE;
				MTL_FAST_MATH = YES;
				ONLY_ACTIVE_ARCH = YES;
				SDKROOT = iphoneos;
				STRING_CATALOG_GENERATE_SYMBOLS = YES;
				SWIFT_ACTIVE_COMPILATION_CONDITIONS = "DEBUG $(inherited)";
				SWIFT_OPTIMIZATION_LEVEL = "-Onone";
			};
			name = Debug;
		};
		2048DA152F39A26E004D948C /* Release */ = {
			isa = XCBuildConfiguration;
			buildSettings = {
				ALWAYS_SEARCH_USER_PATHS = NO;
				ASSETCATALOG_COMPILER_GENERATE_SWIFT_ASSET_SYMBOL_EXTENSIONS = YES;
				CLANG_ANALYZER_NONNULL = YES;
				CLANG_ANALYZER_NUMBER_OBJECT_CONVERSION = YES_AGGRESSIVE;
				CLANG_CXX_LANGUAGE_STANDARD = "gnu++20";
				CLANG_ENABLE_MODULES = YES;
				CLANG_ENABLE_OBJC_ARC = YES;
				CLANG_ENABLE_OBJC_WEAK = YES;
				CLANG_WARN_BLOCK_CAPTURE_AUTORELEASING = YES;
				CLANG_WARN_BOOL_CONVERSION = YES;
				CLANG_WARN_COMMA = YES;
				CLANG_WARN_CONSTANT_CONVERSION = YES;
				CLANG_WARN_DEPRECATED_OBJC_IMPLEMENTATIONS = YES;
				CLANG_WARN_DIRECT_OBJC_ISA_USAGE = YES_ERROR;
				CLANG_WARN_DOCUMENTATION_COMMENTS = YES;
				CLANG_WARN_EMPTY_BODY = YES;
				CLANG_WARN_ENUM_CONVERSION = YES;
				CLANG_WARN_INFINITE_RECURSION = YES;
				CLANG_WARN_INT_CONVERSION = YES;
				CLANG_WARN_NON_LITERAL_NULL_CONVERSION = YES;
				CLANG_WARN_OBJC_IMPLICIT_RETAIN_SELF = YES;
				CLANG_WARN_OBJC_LITERAL_CONVERSION = YES;
				CLANG_WARN_OBJC_ROOT_CLASS = YES_ERROR;
				CLANG_WARN_QUOTED_INCLUDE_IN_FRAMEWORK_HEADER = YES;
				CLANG_WARN_RANGE_LOOP_ANALYSIS = YES;
				CLANG_WARN_STRICT_PROTOTYPES = YES;
				CLANG_WARN_SUSPICIOUS_MOVE = YES;
				CLANG_WARN_UNGUARDED_AVAILABILITY = YES_AGGRESSIVE;
				CLANG_WARN_UNREACHABLE_CODE = YES;
				CLANG_WARN__DUPLICATE_METHOD_MATCH = YES;
				COPY_PHASE_STRIP = NO;
				DEBUG_INFORMATION_FORMAT = "dwarf-with-dsym";
				DEVELOPMENT_TEAM = JNZ5UXYG84;
				ENABLE_NS_ASSERTIONS = NO;
				ENABLE_STRICT_OBJC_MSGSEND = YES;
				ENABLE_USER_SCRIPT_SANDBOXING = YES;
				GCC_C_LANGUAGE_STANDARD = gnu17;
				GCC_NO_COMMON_BLOCKS = YES;
				GCC_WARN_64_TO_32_BIT_CONVERSION = YES;
				GCC_WARN_ABOUT_RETURN_TYPE = YES_ERROR;
				GCC_WARN_UNDECLARED_SELECTOR = YES;
				GCC_WARN_UNINITIALIZED_AUTOS = YES_AGGRESSIVE;
				GCC_WARN_UNUSED_FUNCTION = YES;
				GCC_WARN_UNUSED_VARIABLE = YES;
				IPHONEOS_DEPLOYMENT_TARGET = 26.2;
				LOCALIZATION_PREFERS_STRING_CATALOGS = YES;
				MTL_ENABLE_DEBUG_INFO = NO;
				MTL_FAST_MATH = YES;
				SDKROOT = iphoneos;
				STRING_CATALOG_GENERATE_SYMBOLS = YES;
				SWIFT_COMPILATION_MODE = wholemodule;
				VALIDATE_PRODUCT = YES;
			};
			name = Release;
		};
/* End XCBuildConfiguration section */

/* Begin XCConfigurationList section */
		2048D9F92F39A26D004D948C /* Build configuration list for PBXProject "InstagramFirestoreTutorial" */ = {
			isa = XCConfigurationList;
			buildConfigurations = (
				2048DA142F39A26E004D948C /* Debug */,
				2048DA152F39A26E004D948C /* Release */,
			);
			defaultConfigurationIsVisible = 0;
			defaultConfigurationName = Release;
		};
		2048DA112F39A26E004D948C /* Build configuration list for PBXNativeTarget "InstagramFirestoreTutorial" */ = {
			isa = XCConfigurationList;
			buildConfigurations = (
				2048DA122F39A26E004D948C /* Debug */,
				2048DA132F39A26E004D948C /* Release */,
			);
			defaultConfigurationIsVisible = 0;
			defaultConfigurationName = Release;
		};
/* End XCConfigurationList section */

/* Begin XCRemoteSwiftPackageReference section */
		20B52E952FD9248F0052940F /* XCRemoteSwiftPackageReference "firebase-ios-sdk" */ = {
			isa = XCRemoteSwiftPackageReference;
			repositoryURL = "https://github.com/firebase/firebase-ios-sdk";
			requirement = {
				kind = upToNextMajorVersion;
				minimumVersion = 12.14.0;
			};
		};
		20B52EA02FD924BD0052940F /* XCRemoteSwiftPackageReference "ActiveLabel" */ = {
			isa = XCRemoteSwiftPackageReference;
			repositoryURL = "https://github.com/optonaut/ActiveLabel.swift";
			requirement = {
				kind = upToNextMajorVersion;
				minimumVersion = 1.1.5;
			};
		};
		20B52EA32FD924D80052940F /* XCRemoteSwiftPackageReference "SDWebImage" */ = {
			isa = XCRemoteSwiftPackageReference;
			repositoryURL = "https://github.com/SDWebImage/SDWebImage";
			requirement = {
				kind = upToNextMajorVersion;
				minimumVersion = 5.21.7;
			};
		};
		20B52EA82FD925250052940F /* XCRemoteSwiftPackageReference "JGProgressHUD" */ = {
			isa = XCRemoteSwiftPackageReference;
			repositoryURL = "https://github.com/JonasGessner/JGProgressHUD";
			requirement = {
				kind = upToNextMajorVersion;
				minimumVersion = 2.2.0;
			};
		};
		20B52EAB2FD9255D0052940F /* XCRemoteSwiftPackageReference "YPImagePicker" */ = {
			isa = XCRemoteSwiftPackageReference;
			repositoryURL = "https://github.com/Yummypets/YPImagePicker";
			requirement = {
				kind = upToNextMajorVersion;
				minimumVersion = 5.3.2;
			};
		};
/* End XCRemoteSwiftPackageReference section */

/* Begin XCSwiftPackageProductDependency section */
		20B52E962FD9248F0052940F /* FirebaseAuth */ = {
			isa = XCSwiftPackageProductDependency;
			package = 20B52E952FD9248F0052940F /* XCRemoteSwiftPackageReference "firebase-ios-sdk" */;
			productName = FirebaseAuth;
		};
		20B52E982FD9248F0052940F /* FirebaseDatabase */ = {
			isa = XCSwiftPackageProductDependency;
			package = 20B52E952FD9248F0052940F /* XCRemoteSwiftPackageReference "firebase-ios-sdk" */;
			productName = FirebaseDatabase;
		};
		20B52E9A2FD9248F0052940F /* FirebaseFirestore */ = {
			isa = XCSwiftPackageProductDependency;
			package = 20B52E952FD9248F0052940F /* XCRemoteSwiftPackageReference "firebase-ios-sdk" */;
			productName = FirebaseFirestore;
		};
		20B52E9C2FD9248F0052940F /* FirebaseMessaging */ = {
			isa = XCSwiftPackageProductDependency;
			package = 20B52E952FD9248F0052940F /* XCRemoteSwiftPackageReference "firebase-ios-sdk" */;
			productName = FirebaseMessaging;
		};
		20B52E9E2FD9248F0052940F /* FirebaseStorage */ = {
			isa = XCSwiftPackageProductDependency;
			package = 20B52E952FD9248F0052940F /* XCRemoteSwiftPackageReference "firebase-ios-sdk" */;
			productName = FirebaseStorage;
		};
		20B52EA12FD924BD0052940F /* ActiveLabel */ = {
			isa = XCSwiftPackageProductDependency;
			package = 20B52EA02FD924BD0052940F /* XCRemoteSwiftPackageReference "ActiveLabel" */;
			productName = ActiveLabel;
		};
		20B52EA42FD924D80052940F /* SDWebImage */ = {
			isa = XCSwiftPackageProductDependency;
			package = 20B52EA32FD924D80052940F /* XCRemoteSwiftPackageReference "SDWebImage" */;
			productName = SDWebImage;
		};
		20B52EA62FD924D80052940F /* SDWebImageMapKit */ = {
			isa = XCSwiftPackageProductDependency;
			package = 20B52EA32FD924D80052940F /* XCRemoteSwiftPackageReference "SDWebImage" */;
			productName = SDWebImageMapKit;
		};
		20B52EA92FD925250052940F /* JGProgressHUD */ = {
			isa = XCSwiftPackageProductDependency;
			package = 20B52EA82FD925250052940F /* XCRemoteSwiftPackageReference "JGProgressHUD" */;
			productName = JGProgressHUD;
		};
		20B52EAC2FD9255D0052940F /* YPImagePicker */ = {
			isa = XCSwiftPackageProductDependency;
			package = 20B52EAB2FD9255D0052940F /* XCRemoteSwiftPackageReference "YPImagePicker" */;
			productName = YPImagePicker;
		};
/* End XCSwiftPackageProductDependency section */
	};
	rootObject = 2048D9F62F39A26D004D948C /* Project object */;
}
